
Microsoft Visual Studio Solution File, Format Version 12.00
# Visual Studio Version 16
VisualStudioVersion = 16.0.30503.244
MinimumVisualStudioVersion = 10.0.40219.1
Project("{9A19103F-16F7-4668-BE54-9A1E7A4F7556}") = "Models", "Models\Models.csproj", "{2651CC4A-168E-4E36-A559-350BAE91A199}"
EndProject
Project("{9A19103F-16F7-4668-BE54-9A1E7A4F7556}") = "ConsoleUI", "UI\ConsoleUI\ConsoleUI.csproj", "{D3089A73-72B4-42EB-B01A-901744F41032}"
EndProject
Project("{9A19103F-16F7-4668-BE54-9A1E7A4F7556}") = "Data", "Data\Catdog50RUS.EmployeesAccountingSystem.Data\Data.csproj", "{AC84D61F-CC86-4379-83CA-5EA4BDE7FC59}"
EndProject
Project("{2150E333-8FDC-42A3-9474-1A3956D46DE8}") = "Tests", "Tests", "{45CB8737-B2FD-4F57-A88D-4F5078948743}"
EndProject
Project("{9A19103F-16F7-4668-BE54-9A1E7A4F7556}") = "ServicesUnitTest", "Tests\ServicesUnitTest\ServicesUnitTest.csproj", "{E8C821F5-92DC-4361-B1F5-D24991F6B93A}"
EndProject
Project("{FAE04EC0-301F-11D3-BF4B-00C04F79EFBC}") = "Reports", "Reports\Reports.csproj", "{609C913C-1232-4EBB-8E4C-C0631313E610}"
EndProject
Project("{FAE04EC0-301F-11D3-BF4B-00C04F79EFBC}") = "ReportsUnitTest", "Tests\ReportsUnitTest\ReportsUnitTest.csproj", "{B2473FA5-7453-4342-B29C-6F131121FDA5}"
EndProject
Global
	GlobalSection(SolutionConfigurationPlatforms) = preSolution
		Debug|Any CPU = Debug|Any CPU
		Release|Any CPU = Release|Any CPU
	EndGlobalSection
	GlobalSection(ProjectConfigurationPlatforms) = postSolution
		{2651CC4A-168E-4E36-A559-350BAE91A199}.Debug|Any CPU.ActiveCfg = Debug|Any CPU
		{2651CC4A-168E-4E36-A559-350BAE91A199}.Debug|Any CPU.Build.0 = Debug|Any CPU
		{2651CC4A-168E-4E36-A559-350BAE91A199}.Release|Any CPU.ActiveCfg = Release|Any CPU
		{2651CC4A-168E-4E36-A559-350BAE91A199}.Release|Any CPU.Build.0 = Release|Any CPU
		{D3089A73-72B4-42EB-B01A-901744F41032}.Debug|Any CPU.ActiveCfg = Debug|Any CPU
		{D3089A73-72B4-42EB-B01A-901744F41032}.Debug|Any CPU.Build.0 = Debug|Any CPU
		{D3089A73-72B4-42EB-B01A-901744F41032}.Release|Any CPU.ActiveCfg = Release|Any CPU
		{D3089A73-72B4-42EB-B01A-901744F41032}.Release|Any CPU.Build.0 = Release|Any CPU
		{AC84D61F-CC86-4379-83CA-5EA4BDE7FC59}.Debug|Any CPU.ActiveCfg = Debug|Any CPU
		{AC84D61F-CC86-4379-83CA-5EA4BDE7FC59}.Debug|Any CPU.Build.0 = Debug|Any CPU
		{AC84D61F-CC86-4379-83CA-5EA4BDE7FC59}.Release|Any CPU.ActiveCfg = Release|Any CPU
		{AC84D61F-CC86-4379-83CA-5EA4BDE7FC59}.Release|Any CPU.Build.0 = Release|Any CPU
		{E8C821F5-92DC-4361-B1F5-D24991F6B93A}.Debug|Any CPU.ActiveCfg = Debug|Any CPU
		{E8C821F5-92DC-4361-B1F5-D24991F6B93A}.Debug|Any CPU.Build.0 = Debug|Any CPU
		{E8C821F5-92DC-4361-B1F5-D24991F6B93A}.Release|Any CPU.ActiveCfg = Release|Any CPU
		{E8C821F5-92DC-4361-B1F5-D24991F6B93A}.Release|Any CPU.Build.0 = Release|Any CPU
		{609C913C-1232-4EBB-8E4C-C0631313E610}.Debug|Any CPU.ActiveCfg = Debug|Any CPU
		{609C913C-1232-4EBB-8E4C-C0631313E610}.Debug|Any CPU.Build.0 = Debug|Any CPU
		{609C913C-1232-4EBB-8E4C-C0631313E610}.Release|Any CPU.ActiveCfg = Release|Any CPU
		{609C913C-1232-4EBB-8E4C-C0631313E610}.Release|Any CPU.Build.0 = Release|Any CPU
		{B2473FA5-7453-4342-B29C-6F131121FDA5}.Debug|Any CPU.ActiveCfg = Debug|Any CPU
		{B2473FA5-7453-4342-B29C-6F131121FDA5}.Debug|Any CPU.Build.0 = Debug|Any CPU
		{B2473FA5-7453-4342-B29C-6F131121FDA5}.Release|Any CPU.ActiveCfg = Release|Any CPU
		{B2473FA5-7453-4342-B29C-6F131121FDA5}.Release|Any CPU.Build.0 = Release|Any CPU
	EndGlobalSection
	GlobalSection(SolutionProperties) = preSolution
		HideSolutionNode = FALSE
	EndGlobalSection
	GlobalSection(NestedProjects) = preSolution
		{E8C821F5-92DC-4361-B1F5-D24991F6B93A} = {45CB8737-B2FD-4F57-A88D-4F5078948743}
		{B2473FA5-7453-4342-B29C-6F131121FDA5} = {45CB8737-B2FD-4F57-A88D-4F5078948743}
	EndGlobalSection
	GlobalSection(ExtensibilityGlobals) = postSolution
		SolutionGuid = {F412D306-1F20-4B57-BBF7-8EBBF11F1485}
	EndGlobalSection
EndGlobal
